
Microsoft Visual Studio Solution File, Format Version 12.00
# Visual Studio 15
Project("{FAE04EC0-301F-11D3-BF4B-00C04F79EFBC}") = "AppPrueba.Android", "AppPrueba.Android\AppPrueba.Android.csproj", "{A544C9FE-781E-45C7-B915-ECF54405A549}"
EndProject
Project("{FAE04EC0-301F-11D3-BF4B-00C04F79EFBC}") = "AppPrueba.iOS", "AppPrueba.iOS\AppPrueba.iOS.csproj", "{9DE514AB-CD0D-416E-95BC-AB871E697318}"
EndProject
Project("{D954291E-2A0B-460D-934E-DC6B0785DB48}") = "AppPrueba", "AppPrueba\AppPrueba.shproj", "{55C3423A-4ACA-48E3-9356-DA36420807CD}"
EndProject
Global
	GlobalSection(SolutionConfigurationPlatforms) = preSolution
		Debug|Any CPU = Debug|Any CPU
		Release|Any CPU = Release|Any CPU
		Debug|iPhoneSimulator = Debug|iPhoneSimulator
		Release|iPhoneSimulator = Release|iPhoneSimulator
		Debug|iPhone = Debug|iPhone
		Release|iPhone = Release|iPhone
	EndGlobalSection
	GlobalSection(ProjectConfigurationPlatforms) = postSolution
		{A544C9FE-781E-45C7-B915-ECF54405A549}.Debug|Any CPU.ActiveCfg = Debug|Any CPU
		{A544C9FE-781E-45C7-B915-ECF54405A549}.Debug|Any CPU.Build.0 = Debug|Any CPU
		{A544C9FE-781E-45C7-B915-ECF54405A549}.Release|Any CPU.ActiveCfg = Release|Any CPU
		{A544C9FE-781E-45C7-B915-ECF54405A549}.Release|Any CPU.Build.0 = Release|Any CPU
		{A544C9FE-781E-45C7-B915-ECF54405A549}.Debug|iPhoneSimulator.ActiveCfg = Debug|Any CPU
		{A544C9FE-781E-45C7-B915-ECF54405A549}.Debug|iPhoneSimulator.Build.0 = Debug|Any CPU
		{A544C9FE-781E-45C7-B915-ECF54405A549}.Release|iPhoneSimulator.ActiveCfg = Release|Any CPU
		{A544C9FE-781E-45C7-B915-ECF54405A549}.Release|iPhoneSimulator.Build.0 = Release|Any CPU
		{A544C9FE-781E-45C7-B915-ECF54405A549}.Debug|iPhone.ActiveCfg = Debug|Any CPU
		{A544C9FE-781E-45C7-B915-ECF54405A549}.Debug|iPhone.Build.0 = Debug|Any CPU
		{A544C9FE-781E-45C7-B915-ECF54405A549}.Release|iPhone.ActiveCfg = Release|Any CPU
		{A544C9FE-781E-45C7-B915-ECF54405A549}.Release|iPhone.Build.0 = Release|Any CPU
		{9DE514AB-CD0D-416E-95BC-AB871E697318}.Debug|Any CPU.ActiveCfg = Debug|iPhoneSimulator
		{9DE514AB-CD0D-416E-95BC-AB871E697318}.Debug|Any CPU.Build.0 = Debug|iPhoneSimulator
		{9DE514AB-CD0D-416E-95BC-AB871E697318}.Release|Any CPU.ActiveCfg = Release|iPhoneSimulator
		{9DE514AB-CD0D-416E-95BC-AB871E697318}.Release|Any CPU.Build.0 = Release|iPhoneSimulator
		{9DE514AB-CD0D-416E-95BC-AB871E697318}.Debug|iPhoneSimulator.ActiveCfg = Debug|iPhoneSimulator
		{9DE514AB-CD0D-416E-95BC-AB871E697318}.Debug|iPhoneSimulator.Build.0 = Debug|iPhoneSimulator
		{9DE514AB-CD0D-416E-95BC-AB871E697318}.Release|iPhoneSimulator.ActiveCfg = Release|iPhoneSimulator
		{9DE514AB-CD0D-416E-95BC-AB871E697318}.Release|iPhoneSimulator.Build.0 = Release|iPhoneSimulator
		{9DE514AB-CD0D-416E-95BC-AB871E697318}.Debug|iPhone.ActiveCfg = Debug|iPhone
		{9DE514AB-CD0D-416E-95BC-AB871E697318}.Debug|iPhone.Build.0 = Debug|iPhone
		{9DE514AB-CD0D-416E-95BC-AB871E697318}.Release|iPhone.ActiveCfg = Release|iPhone
		{9DE514AB-CD0D-416E-95BC-AB871E697318}.Release|iPhone.Build.0 = Release|iPhone
	EndGlobalSection
EndGlobal
